// !$*UTF8*$!
{
	archiveVersion = 1;
	classes = {
	};
	objectVersion = 50;
	objects = {

/* Begin PBXBuildFile section */
		35AD404A2459B2FE00DC11EC /* AppDelegate.swift in Sources */ = {isa = PBXBuildFile; fileRef = 35AD40492459B2FE00DC11EC /* AppDelegate.swift */; };
		35AD404C2459B2FE00DC11EC /* GameScene.sks in Resources */ = {isa = PBXBuildFile; fileRef = 35AD404B2459B2FE00DC11EC /* GameScene.sks */; };
		35AD40502459B2FE00DC11EC /* GameScene.swift in Sources */ = {isa = PBXBuildFile; fileRef = 35AD404F2459B2FE00DC11EC /* GameScene.swift */; };
		35AD40522459B2FE00DC11EC /* GameViewController.swift in Sources */ = {isa = PBXBuildFile; fileRef = 35AD40512459B2FE00DC11EC /* GameViewController.swift */; };
		35AD40552459B2FE00DC11EC /* Main.storyboard in Resources */ = {isa = PBXBuildFile; fileRef = 35AD40532459B2FE00DC11EC /* Main.storyboard */; };
		35AD40572459B2FE00DC11EC /* Assets.xcassets in Resources */ = {isa = PBXBuildFile; fileRef = 35AD40562459B2FE00DC11EC /* Assets.xcassets */; };
		35AD405A2459B2FE00DC11EC /* LaunchScreen.storyboard in Resources */ = {isa = PBXBuildFile; fileRef = 35AD40582459B2FE00DC11EC /* LaunchScreen.storyboard */; };
		35AD40882459B61C00DC11EC /* target3@2x.png in Resources */ = {isa = PBXBuildFile; fileRef = 35AD40632459B61A00DC11EC /* target3@2x.png */; };
		35AD40892459B61C00DC11EC /* game-over.png in Resources */ = {isa = PBXBuildFile; fileRef = 35AD40642459B61A00DC11EC /* game-over.png */; };
		35AD408B2459B61C00DC11EC /* target1@2x.png in Resources */ = {isa = PBXBuildFile; fileRef = 35AD40662459B61A00DC11EC /* target1@2x.png */; };
		35AD408C2459B61C00DC11EC /* curtains.png in Resources */ = {isa = PBXBuildFile; fileRef = 35AD40672459B61A00DC11EC /* curtains.png */; };
		35AD40912459B61C00DC11EC /* target2.png in Resources */ = {isa = PBXBuildFile; fileRef = 35AD406C2459B61A00DC11EC /* target2.png */; };
		35AD40922459B61C00DC11EC /* empty.wav in Resources */ = {isa = PBXBuildFile; fileRef = 35AD406D2459B61A00DC11EC /* empty.wav */; };
		35AD40942459B61C00DC11EC /* shot.wav in Resources */ = {isa = PBXBuildFile; fileRef = 35AD406F2459B61A00DC11EC /* shot.wav */; };
		35AD40952459B61C00DC11EC /* curtains@2x.png in Resources */ = {isa = PBXBuildFile; fileRef = 35AD40702459B61A00DC11EC /* curtains@2x.png */; };
		35AD40962459B61C00DC11EC /* grass-trees@2x.png in Resources */ = {isa = PBXBuildFile; fileRef = 35AD40712459B61B00DC11EC /* grass-trees@2x.png */; };
		35AD40982459B61C00DC11EC /* wood-background@2x.png in Resources */ = {isa = PBXBuildFile; fileRef = 35AD40732459B61B00DC11EC /* wood-background@2x.png */; };
		35AD40992459B61C00DC11EC /* target3.png in Resources */ = {isa = PBXBuildFile; fileRef = 35AD40742459B61B00DC11EC /* target3.png */; };
		35AD409A2459B61C00DC11EC /* game-over@2x.png in Resources */ = {isa = PBXBuildFile; fileRef = 35AD40752459B61B00DC11EC /* game-over@2x.png */; };
		35AD409B2459B61C00DC11EC /* grass-trees.png in Resources */ = {isa = PBXBuildFile; fileRef = 35AD40762459B61B00DC11EC /* grass-trees.png */; };
		35AD409F2459B61C00DC11EC /* target2@2x.png in Resources */ = {isa = PBXBuildFile; fileRef = 35AD407A2459B61B00DC11EC /* target2@2x.png */; };
		35AD40A12459B61C00DC11EC /* reload.wav in Resources */ = {isa = PBXBuildFile; fileRef = 35AD407C2459B61B00DC11EC /* reload.wav */; };
		35AD40A32459B61C00DC11EC /* target1.png in Resources */ = {isa = PBXBuildFile; fileRef = 35AD407E2459B61B00DC11EC /* target1.png */; };
		35AD40A52459B61C00DC11EC /* water-fg@2x.png in Resources */ = {isa = PBXBuildFile; fileRef = 35AD40802459B61C00DC11EC /* water-fg@2x.png */; };
		35AD40A62459B61C00DC11EC /* wood-background.png in Resources */ = {isa = PBXBuildFile; fileRef = 35AD40812459B61C00DC11EC /* wood-background.png */; };
		35AD40A92459B61C00DC11EC /* water-bg.png in Resources */ = {isa = PBXBuildFile; fileRef = 35AD40842459B61C00DC11EC /* water-bg.png */; };
		35AD40AA2459B61C00DC11EC /* water-bg@2x.png in Resources */ = {isa = PBXBuildFile; fileRef = 35AD40852459B61C00DC11EC /* water-bg@2x.png */; };
		35AD40AB2459B61C00DC11EC /* water-fg.png in Resources */ = {isa = PBXBuildFile; fileRef = 35AD40862459B61C00DC11EC /* water-fg.png */; };
/* End PBXBuildFile section */

/* Begin PBXFileReference section */
		35AD40462459B2FE00DC11EC /* ShootingGallery.app */ = {isa = PBXFileReference; explicitFileType = wrapper.application; includeInIndex = 0; path = ShootingGallery.app; sourceTree = BUILT_PRODUCTS_DIR; };
		35AD40492459B2FE00DC11EC /* AppDelegate.swift */ = {isa = PBXFileReference; lastKnownFileType = sourcecode.swift; path = AppDelegate.swift; sourceTree = "<group>"; };
		35AD404B2459B2FE00DC11EC /* GameScene.sks */ = {isa = PBXFileReference; lastKnownFileType = file.sks; path = GameScene.sks; sourceTree = "<group>"; };
		35AD404F2459B2FE00DC11EC /* GameScene.swift */ = {isa = PBXFileReference; lastKnownFileType = sourcecode.swift; path = GameScene.swift; sourceTree = "<group>"; };
		35AD40512459B2FE00DC11EC /* GameViewController.swift */ = {isa = PBXFileReference; lastKnownFileType = sourcecode.swift; path = GameViewController.swift; sourceTree = "<group>"; };
		35AD40542459B2FE00DC11EC /* Base */ = {isa = PBXFileReference; lastKnownFileType = file.storyboard; name = Base; path = Base.lproj/Main.storyboard; sourceTree = "<group>"; };
		35AD40562459B2FE00DC11EC /* Assets.xcassets */ = {isa = PBXFileReference; lastKnownFileType = folder.assetcatalog; path = Assets.xcassets; sourceTree = "<group>"; };
		35AD40592459B2FE00DC11EC /* Base */ = {isa = PBXFileReference; lastKnownFileType = file.storyboard; name = Base; path = Base.lproj/LaunchScreen.storyboard; sourceTree = "<group>"; };
		35AD405B2459B2FE00DC11EC /* Info.plist */ = {isa = PBXFileReference; lastKnownFileType = text.plist.xml; path = Info.plist; sourceTree = "<group>"; };
		35AD40632459B61A00DC11EC /* target3@2x.png */ = {isa = PBXFileReference; lastKnownFileType = image.png; path = "target3@2x.png"; sourceTree = "<group>"; };
		35AD40642459B61A00DC11EC /* game-over.png */ = {isa = PBXFileReference; lastKnownFileType = image.png; path = "game-over.png"; sourceTree = "<group>"; };
		35AD40662459B61A00DC11EC /* target1@2x.png */ = {isa = PBXFileReference; lastKnownFileType = image.png; path = "target1@2x.png"; sourceTree = "<group>"; };
		35AD40672459B61A00DC11EC /* curtains.png */ = {isa = PBXFileReference; lastKnownFileType = image.png; path = curtains.png; sourceTree = "<group>"; };
		35AD406C2459B61A00DC11EC /* target2.png */ = {isa = PBXFileReference; lastKnownFileType = image.png; path = target2.png; sourceTree = "<group>"; };
		35AD406D2459B61A00DC11EC /* empty.wav */ = {isa = PBXFileReference; lastKnownFileType = audio.wav; path = empty.wav; sourceTree = "<group>"; };
		35AD406F2459B61A00DC11EC /* shot.wav */ = {isa = PBXFileReference; lastKnownFileType = audio.wav; path = shot.wav; sourceTree = "<group>"; };
		35AD40702459B61A00DC11EC /* curtains@2x.png */ = {isa = PBXFileReference; lastKnownFileType = image.png; path = "curtains@2x.png"; sourceTree = "<group>"; };
		35AD40712459B61B00DC11EC /* grass-trees@2x.png */ = {isa = PBXFileReference; lastKnownFileType = image.png; path = "grass-trees@2x.png"; sourceTree = "<group>"; };
		35AD40732459B61B00DC11EC /* wood-background@2x.png */ = {isa = PBXFileReference; lastKnownFileType = image.png; path = "wood-background@2x.png"; sourceTree = "<group>"; };
		35AD40742459B61B00DC11EC /* target3.png */ = {isa = PBXFileReference; lastKnownFileType = image.png; path = target3.png; sourceTree = "<group>"; };
		35AD40752459B61B00DC11EC /* game-over@2x.png */ = {isa = PBXFileReference; lastKnownFileType = image.png; path = "game-over@2x.png"; sourceTree = "<group>"; };
		35AD40762459B61B00DC11EC /* grass-trees.png */ = {isa = PBXFileReference; lastKnownFileType = image.png; path = "grass-trees.png"; sourceTree = "<group>"; };
		35AD407A2459B61B00DC11EC /* target2@2x.png */ = {isa = PBXFileReference; lastKnownFileType = image.png; path = "target2@2x.png"; sourceTree = "<group>"; };
		35AD407C2459B61B00DC11EC /* reload.wav */ = {isa = PBXFileReference; lastKnownFileType = audio.wav; path = reload.wav; sourceTree = "<group>"; };
		35AD407E2459B61B00DC11EC /* target1.png */ = {isa = PBXFileReference; lastKnownFileType = image.png; path = target1.png; sourceTree = "<group>"; };
		35AD40802459B61C00DC11EC /* water-fg@2x.png */ = {isa = PBXFileReference; lastKnownFileType = image.png; path = "water-fg@2x.png"; sourceTree = "<group>"; };
		35AD40812459B61C00DC11EC /* wood-background.png */ = {isa = PBXFileReference; lastKnownFileType = image.png; path = "wood-background.png"; sourceTree = "<group>"; };
		35AD40842459B61C00DC11EC /* water-bg.png */ = {isa = PBXFileReference; lastKnownFileType = image.png; path = "water-bg.png"; sourceTree = "<group>"; };
		35AD40852459B61C00DC11EC /* water-bg@2x.png */ = {isa = PBXFileReference; lastKnownFileType = image.png; path = "water-bg@2x.png"; sourceTree = "<group>"; };
		35AD40862459B61C00DC11EC /* water-fg.png */ = {isa = PBXFileReference; lastKnownFileType = image.png; path = "water-fg.png"; sourceTree = "<group>"; };
/* End PBXFileReference section */

/* Begin PBXFrameworksBuildPhase section */
		35AD40432459B2FE00DC11EC /* Frameworks */ = {
			isa = PBXFrameworksBuildPhase;
			buildActionMask = 2147483647;
			files = (
			);
			runOnlyForDeploymentPostprocessing = 0;
		};
/* End PBXFrameworksBuildPhase section */

/* Begin PBXGroup section */
		35AD403D2459B2FE00DC11EC = {
			isa = PBXGroup;
			children = (
				35AD40482459B2FE00DC11EC /* ShootingGallery */,
				35AD40472459B2FE00DC11EC /* Products */,
			);
			sourceTree = "<group>";
		};
		35AD40472459B2FE00DC11EC /* Products */ = {
			isa = PBXGroup;
			children = (
				35AD40462459B2FE00DC11EC /* ShootingGallery.app */,
			);
			name = Products;
			sourceTree = "<group>";
		};
		35AD40482459B2FE00DC11EC /* ShootingGallery */ = {
			isa = PBXGroup;
			children = (
				35AD40612459B5F100DC11EC /* Content */,
				35AD40492459B2FE00DC11EC /* AppDelegate.swift */,
				35AD404B2459B2FE00DC11EC /* GameScene.sks */,
				35AD404F2459B2FE00DC11EC /* GameScene.swift */,
				35AD40512459B2FE00DC11EC /* GameViewController.swift */,
				35AD40532459B2FE00DC11EC /* Main.storyboard */,
				35AD40562459B2FE00DC11EC /* Assets.xcassets */,
				35AD40582459B2FE00DC11EC /* LaunchScreen.storyboard */,
				35AD405B2459B2FE00DC11EC /* Info.plist */,
			);
			path = ShootingGallery;
			sourceTree = "<group>";
		};
		35AD40612459B5F100DC11EC /* Content */ = {
			isa = PBXGroup;
			children = (
				35AD40672459B61A00DC11EC /* curtains.png */,
				35AD40702459B61A00DC11EC /* curtains@2x.png */,
				35AD406D2459B61A00DC11EC /* empty.wav */,
				35AD40642459B61A00DC11EC /* game-over.png */,
				35AD40752459B61B00DC11EC /* game-over@2x.png */,
				35AD40762459B61B00DC11EC /* grass-trees.png */,
				35AD40712459B61B00DC11EC /* grass-trees@2x.png */,
				35AD407C2459B61B00DC11EC /* reload.wav */,
				35AD406F2459B61A00DC11EC /* shot.wav */,
				35AD407E2459B61B00DC11EC /* target1.png */,
				35AD40662459B61A00DC11EC /* target1@2x.png */,
				35AD406C2459B61A00DC11EC /* target2.png */,
				35AD407A2459B61B00DC11EC /* target2@2x.png */,
				35AD40742459B61B00DC11EC /* target3.png */,
				35AD40632459B61A00DC11EC /* target3@2x.png */,
				35AD40842459B61C00DC11EC /* water-bg.png */,
				35AD40852459B61C00DC11EC /* water-bg@2x.png */,
				35AD40862459B61C00DC11EC /* water-fg.png */,
				35AD40802459B61C00DC11EC /* water-fg@2x.png */,
				35AD40812459B61C00DC11EC /* wood-background.png */,
				35AD40732459B61B00DC11EC /* wood-background@2x.png */,
			);
			path = Content;
			sourceTree = "<group>";
		};
/* End PBXGroup section */

/* Begin PBXNativeTarget section */
		35AD40452459B2FE00DC11EC /* ShootingGallery */ = {
			isa = PBXNativeTarget;
			buildConfigurationList = 35AD405E2459B2FE00DC11EC /* Build configuration list for PBXNativeTarget "ShootingGallery" */;
			buildPhases = (
				35AD40422459B2FE00DC11EC /* Sources */,
				35AD40432459B2FE00DC11EC /* Frameworks */,
				35AD40442459B2FE00DC11EC /* Resources */,
			);
			buildRules = (
			);
			dependencies = (
			);
			name = ShootingGallery;
			productName = ShootingGallery;
			productReference = 35AD40462459B2FE00DC11EC /* ShootingGallery.app */;
			productType = "com.apple.product-type.application";
		};
/* End PBXNativeTarget section */

/* Begin PBXProject section */
		35AD403E2459B2FE00DC11EC /* Project object */ = {
			isa = PBXProject;
			attributes = {
				LastSwiftUpdateCheck = 1140;
				LastUpgradeCheck = 1140;
				ORGANIZATIONNAME = "Dmitry Reshetnik";
				TargetAttributes = {
					35AD40452459B2FE00DC11EC = {
						CreatedOnToolsVersion = 11.4.1;
					};
				};
			};
			buildConfigurationList = 35AD40412459B2FE00DC11EC /* Build configuration list for PBXProject "ShootingGallery" */;
			compatibilityVersion = "Xcode 9.3";
			developmentRegion = en;
			hasScannedForEncodings = 0;
			knownRegions = (
				en,
				Base,
			);
			mainGroup = 35AD403D2459B2FE00DC11EC;
			productRefGroup = 35AD40472459B2FE00DC11EC /* Products */;
			projectDirPath = "";
			projectRoot = "";
			targets = (
				35AD40452459B2FE00DC11EC /* ShootingGallery */,
			);
		};
/* End PBXProject section */

/* Begin PBXResourcesBuildPhase section */
		35AD40442459B2FE00DC11EC /* Resources */ = {
			isa = PBXResourcesBuildPhase;
			buildActionMask = 2147483647;
			files = (
				35AD40A52459B61C00DC11EC /* water-fg@2x.png in Resources */,
				35AD40922459B61C00DC11EC /* empty.wav in Resources */,
				35AD40552459B2FE00DC11EC /* Main.storyboard in Resources */,
				35AD40942459B61C00DC11EC /* shot.wav in Resources */,
				35AD40952459B61C00DC11EC /* curtains@2x.png in Resources */,
				35AD40912459B61C00DC11EC /* target2.png in Resources */,
				35AD40AA2459B61C00DC11EC /* water-bg@2x.png in Resources */,
				35AD40A62459B61C00DC11EC /* wood-background.png in Resources */,
				35AD40A32459B61C00DC11EC /* target1.png in Resources */,
				35AD40962459B61C00DC11EC /* grass-trees@2x.png in Resources */,
				35AD40992459B61C00DC11EC /* target3.png in Resources */,
				35AD408C2459B61C00DC11EC /* curtains.png in Resources */,
				35AD409B2459B61C00DC11EC /* grass-trees.png in Resources */,
				35AD409A2459B61C00DC11EC /* game-over@2x.png in Resources */,
				35AD40982459B61C00DC11EC /* wood-background@2x.png in Resources */,
				35AD404C2459B2FE00DC11EC /* GameScene.sks in Resources */,
				35AD40882459B61C00DC11EC /* target3@2x.png in Resources */,
				35AD40A92459B61C00DC11EC /* water-bg.png in Resources */,
				35AD408B2459B61C00DC11EC /* target1@2x.png in Resources */,
				35AD40572459B2FE00DC11EC /* Assets.xcassets in Resources */,
				35AD40AB2459B61C00DC11EC /* water-fg.png in Resources */,
				35AD40892459B61C00DC11EC /* game-over.png in Resources */,
				35AD40A12459B61C00DC11EC /* reload.wav in Resources */,
				35AD409F2459B61C00DC11EC /* target2@2x.png in Resources */,
				35AD405A2459B2FE00DC11EC /* LaunchScreen.storyboard in Resources */,
			);
			runOnlyForDeploymentPostprocessing = 0;
		};
/* End PBXResourcesBuildPhase section */

/* Begin PBXSourcesBuildPhase section */
		35AD40422459B2FE00DC11EC /* Sources */ = {
			isa = PBXSourcesBuildPhase;
			buildActionMask = 2147483647;
			files = (
				35AD40502459B2FE00DC11EC /* GameScene.swift in Sources */,
				35AD40522459B2FE00DC11EC /* GameViewController.swift in Sources */,
				35AD404A2459B2FE00DC11EC /* AppDelegate.swift in Sources */,
			);
			runOnlyForDeploymentPostprocessing = 0;
		};
/* End PBXSourcesBuildPhase section */

/* Begin PBXVariantGroup section */
		35AD40532459B2FE00DC11EC /* Main.storyboard */ = {
			isa = PBXVariantGroup;
			children = (
				35AD40542459B2FE00DC11EC /* Base */,
			);
			name = Main.storyboard;
			sourceTree = "<group>";
		};
		35AD40582459B2FE00DC11EC /* LaunchScreen.storyboard */ = {
			isa = PBXVariantGroup;
			children = (
				35AD40592459B2FE00DC11EC /* Base */,
			);
			name = LaunchScreen.storyboard;
			sourceTree = "<group>";
		};
/* End PBXVariantGroup section */

/* Begin XCBuildConfiguration section */
		35AD405C2459B2FE00DC11EC /* Debug */ = {
			isa = XCBuildConfiguration;
			buildSettings = {
				ALWAYS_SEARCH_USER_PATHS = NO;
				CLANG_ANALYZER_NONNULL = YES;
				CLANG_ANALYZER_NUMBER_OBJECT_CONVERSION = YES_AGGRESSIVE;
				CLANG_CXX_LANGUAGE_STANDARD = "gnu++14";
				CLANG_CXX_LIBRARY = "libc++";
				CLANG_ENABLE_MODULES = YES;
				CLANG_ENABLE_OBJC_ARC = YES;
				CLANG_ENABLE_OBJC_WEAK = YES;
				CLANG_WARN_BLOCK_CAPTURE_AUTORELEASING = YES;
				CLANG_WARN_BOOL_CONVERSION = YES;
				CLANG_WARN_COMMA = YES;
				CLANG_WARN_CONSTANT_CONVERSION = YES;
				CLANG_WARN_DEPRECATED_OBJC_IMPLEMENTATIONS = YES;
				CLANG_WARN_DIRECT_OBJC_ISA_USAGE = YES_ERROR;
				CLANG_WARN_DOCUMENTATION_COMMENTS = YES;
				CLANG_WARN_EMPTY_BODY = YES;
				CLANG_WARN_ENUM_CONVERSION = YES;
				CLANG_WARN_INFINITE_RECURSION = YES;
				CLANG_WARN_INT_CONVERSION = YES;
				CLANG_WARN_NON_LITERAL_NULL_CONVERSION = YES;
				CLANG_WARN_OBJC_IMPLICIT_RETAIN_SELF = YES;
				CLANG_WARN_OBJC_LITERAL_CONVERSION = YES;
				CLANG_WARN_OBJC_ROOT_CLASS = YES_ERROR;
				CLANG_WARN_RANGE_LOOP_ANALYSIS = YES;
				CLANG_WARN_STRICT_PROTOTYPES = YES;
				CLANG_WARN_SUSPICIOUS_MOVE = YES;
				CLANG_WARN_UNGUARDED_AVAILABILITY = YES_AGGRESSIVE;
				CLANG_WARN_UNREACHABLE_CODE = YES;
				CLANG_WARN__DUPLICATE_METHOD_MATCH = YES;
				COPY_PHASE_STRIP = NO;
				DEBUG_INFORMATION_FORMAT = dwarf;
				ENABLE_STRICT_OBJC_MSGSEND = YES;
				ENABLE_TESTABILITY = YES;
				GCC_C_LANGUAGE_STANDARD = gnu11;
				GCC_DYNAMIC_NO_PIC = NO;
				GCC_NO_COMMON_BLOCKS = YES;
				GCC_OPTIMIZATION_LEVEL = 0;
				GCC_PREPROCESSOR_DEFINITIONS = (
					"DEBUG=1",
					"$(inherited)",
				);
				GCC_WARN_64_TO_32_BIT_CONVERSION = YES;
				GCC_WARN_ABOUT_RETURN_TYPE = YES_ERROR;
				GCC_WARN_UNDECLARED_SELECTOR = YES;
				GCC_WARN_UNINITIALIZED_AUTOS = YES_AGGRESSIVE;
				GCC_WARN_UNUSED_FUNCTION = YES;
				GCC_WARN_UNUSED_VARIABLE = YES;
				IPHONEOS_DEPLOYMENT_TARGET = 13.4;
				MTL_ENABLE_DEBUG_INFO = INCLUDE_SOURCE;
				MTL_FAST_MATH = YES;
				ONLY_ACTIVE_ARCH = YES;
				SDKROOT = iphoneos;
				SWIFT_ACTIVE_COMPILATION_CONDITIONS = DEBUG;
				SWIFT_OPTIMIZATION_LEVEL = "-Onone";
			};
			name = Debug;
		};
		35AD405D2459B2FE00DC11EC /* Release */ = {
			isa = XCBuildConfiguration;
			buildSettings = {
				ALWAYS_SEARCH_USER_PATHS = NO;
				CLANG_ANALYZER_NONNULL = YES;
				CLANG_ANALYZER_NUMBER_OBJECT_CONVERSION = YES_AGGRESSIVE;
				CLANG_CXX_LANGUAGE_STANDARD = "gnu++14";
				CLANG_CXX_LIBRARY = "libc++";
				CLANG_ENABLE_MODULES = YES;
				CLANG_ENABLE_OBJC_ARC = YES;
				CLANG_ENABLE_OBJC_WEAK = YES;
				CLANG_WARN_BLOCK_CAPTURE_AUTORELEASING = YES;
				CLANG_WARN_BOOL_CONVERSION = YES;
				CLANG_WARN_COMMA = YES;
				CLANG_WARN_CONSTANT_CONVERSION = YES;
				CLANG_WARN_DEPRECATED_OBJC_IMPLEMENTATIONS = YES;
				CLANG_WARN_DIRECT_OBJC_ISA_USAGE = YES_ERROR;
				CLANG_WARN_DOCUMENTATION_COMMENTS = YES;
				CLANG_WARN_EMPTY_BODY = YES;
				CLANG_WARN_ENUM_CONVERSION = YES;
				CLANG_WARN_INFINITE_RECURSION = YES;
				CLANG_WARN_INT_CONVERSION = YES;
				CLANG_WARN_NON_LITERAL_NULL_CONVERSION = YES;
				CLANG_WARN_OBJC_IMPLICIT_RETAIN_SELF = YES;
				CLANG_WARN_OBJC_LITERAL_CONVERSION = YES;
				CLANG_WARN_OBJC_ROOT_CLASS = YES_ERROR;
				CLANG_WARN_RANGE_LOOP_ANALYSIS = YES;
				CLANG_WARN_STRICT_PROTOTYPES = YES;
				CLANG_WARN_SUSPICIOUS_MOVE = YES;
				CLANG_WARN_UNGUARDED_AVAILABILITY = YES_AGGRESSIVE;
				CLANG_WARN_UNREACHABLE_CODE = YES;
				CLANG_WARN__DUPLICATE_METHOD_MATCH = YES;
				COPY_PHASE_STRIP = NO;
				DEBUG_INFORMATION_FORMAT = "dwarf-with-dsym";
				ENABLE_NS_ASSERTIONS = NO;
				ENABLE_STRICT_OBJC_MSGSEND = YES;
				GCC_C_LANGUAGE_STANDARD = gnu11;
				GCC_NO_COMMON_BLOCKS = YES;
				GCC_WARN_64_TO_32_BIT_CONVERSION = YES;
				GCC_WARN_ABOUT_RETURN_TYPE = YES_ERROR;
				GCC_WARN_UNDECLARED_SELECTOR = YES;
				GCC_WARN_UNINITIALIZED_AUTOS = YES_AGGRESSIVE;
				GCC_WARN_UNUSED_FUNCTION = YES;
				GCC_WARN_UNUSED_VARIABLE = YES;
				IPHONEOS_DEPLOYMENT_TARGET = 13.4;
				MTL_ENABLE_DEBUG_INFO = NO;
				MTL_FAST_MATH = YES;
				SDKROOT = iphoneos;
				SWIFT_COMPILATION_MODE = wholemodule;
				SWIFT_OPTIMIZATION_LEVEL = "-O";
				VALIDATE_PRODUCT = YES;
			};
			name = Release;
		};
		35AD405F2459B2FE00DC11EC /* Debug */ = {
			isa = XCBuildConfiguration;
			buildSettings = {
				ASSETCATALOG_COMPILER_APPICON_NAME = AppIcon;
				CODE_SIGN_STYLE = Automatic;
				DEVELOPMENT_TEAM = 36JR7N2LBE;
				INFOPLIST_FILE = ShootingGallery/Info.plist;
				LD_RUNPATH_SEARCH_PATHS = (
					"$(inherited)",
					"@executable_path/Frameworks",
				);
				PRODUCT_BUNDLE_IDENTIFIER = com.example.stanford.ShootingGallery;
				PRODUCT_NAME = "$(TARGET_NAME)";
				SWIFT_VERSION = 5.0;
				TARGETED_DEVICE_FAMILY = 2;
			};
			name = Debug;
		};
		35AD40602459B2FE00DC11EC /* Release */ = {
			isa = XCBuildConfiguration;
			buildSettings = {
				ASSETCATALOG_COMPILER_APPICON_NAME = AppIcon;
				CODE_SIGN_STYLE = Automatic;
				DEVELOPMENT_TEAM = 36JR7N2LBE;
				INFOPLIST_FILE = ShootingGallery/Info.plist;
				LD_RUNPATH_SEARCH_PATHS = (
					"$(inherited)",
					"@executable_path/Frameworks",
				);
				PRODUCT_BUNDLE_IDENTIFIER = com.example.stanford.ShootingGallery;
				PRODUCT_NAME = "$(TARGET_NAME)";
				SWIFT_VERSION = 5.0;
				TARGETED_DEVICE_FAMILY = 2;
			};
			name = Release;
		};
/* End XCBuildConfiguration section */

/* Begin XCConfigurationList section */
		35AD40412459B2FE00DC11EC /* Build configuration list for PBXProject "ShootingGallery" */ = {
			isa = XCConfigurationList;
			buildConfigurations = (
				35AD405C2459B2FE00DC11EC /* Debug */,
				35AD405D2459B2FE00DC11EC /* Release */,
			);
			defaultConfigurationIsVisible = 0;
			defaultConfigurationName = Release;
		};
		35AD405E2459B2FE00DC11EC /* Build configuration list for PBXNativeTarget "ShootingGallery" */ = {
			isa = XCConfigurationList;
			buildConfigurations = (
				35AD405F2459B2FE00DC11EC /* Debug */,
				35AD40602459B2FE00DC11EC /* Release */,
			);
			defaultConfigurationIsVisible = 0;
			defaultConfigurationName = Release;
		};
/* End XCConfigurationList section */
	};
	rootObject = 35AD403E2459B2FE00DC11EC /* Project object */;
}
